{
  "object": {
    "pins": [
      {
        "package": "Promises",
        "repositoryURL": "https://github.com/khanlou/Promise.git",
        "state": {
          "branch": null,
          "revision": "be692df0664c8f8e764a931a7ecccb76d608b90a",
          "version": "2.0.3"
        }
      }
    ]
  },
  "version": 1
}
