{
  "object": {
    "pins": [
      {
        "package": "Promises",
        "repositoryURL": "https://github.com/khanlou/Promise.git",
        "state": {
          "branch": null,
          "revision": "790c34cb40c9e49a0dd4450a92108d981c962893",
          "version": null
        }
      }
    ]
  },
  "version": 1
}
